
Microsoft Visual Studio Solution File, Format Version 12.00
# Visual Studio Version 17
VisualStudioVersion = 17.0.32112.339
MinimumVisualStudioVersion = 10.0.40219.1
Project("{FAE04EC0-301F-11D3-BF4B-00C04F79EFBC}") = "rbr-rt", "rbr-rt\rbr-rt.csproj", "{0D529E71-4DDE-40D5-9889-8F4F2C381C74}"
EndProject
Global
	GlobalSection(SolutionConfigurationPlatforms) = preSolution
		Debug|Any CPU = Debug|Any CPU
		Release|Any CPU = Release|Any CPU
	EndGlobalSection
	GlobalSection(ProjectConfigurationPlatforms) = postSolution
		{0D529E71-4DDE-40D5-9889-8F4F2C381C74}.Debug|Any CPU.ActiveCfg = Debug|Any CPU
		{0D529E71-4DDE-40D5-9889-8F4F2C381C74}.Debug|Any CPU.Build.0 = Debug|Any CPU
		{0D529E71-4DDE-40D5-9889-8F4F2C381C74}.Release|Any CPU.ActiveCfg = Release|Any CPU
		{0D529E71-4DDE-40D5-9889-8F4F2C381C74}.Release|Any CPU.Build.0 = Release|Any CPU
	EndGlobalSection
	GlobalSection(SolutionProperties) = preSolution
		HideSolutionNode = FALSE
	EndGlobalSection
	GlobalSection(ExtensibilityGlobals) = postSolution
		SolutionGuid = {E0938F44-EA1E-4E67-9049-960A1046D0C2}
	EndGlobalSection
EndGlobal
